
Microsoft Visual Studio Solution File, Format Version 12.00
# Visual Studio Version 16
VisualStudioVersion = 16.6.30114.105
MinimumVisualStudioVersion = 10.0.40219.1
Project("{FAE04EC0-301F-11D3-BF4B-00C04F79EFBC}") = "CslMenu", "CslMenu\CslMenu.csproj", "{450455CB-3A44-4284-BDBD-17E9D391A4E7}"
EndProject
Project("{FAE04EC0-301F-11D3-BF4B-00C04F79EFBC}") = "TrashDir", "TrashDir\TrashDir.csproj", "{83BD96E1-B311-4249-9A7D-5808239B9DF0}"
EndProject
Global
	GlobalSection(SolutionConfigurationPlatforms) = preSolution
		Debug|Any CPU = Debug|Any CPU
		Debug|x64 = Debug|x64
		Debug|x86 = Debug|x86
		Release|Any CPU = Release|Any CPU
		Release|x64 = Release|x64
		Release|x86 = Release|x86
	EndGlobalSection
	GlobalSection(SolutionProperties) = preSolution
		HideSolutionNode = FALSE
	EndGlobalSection
	GlobalSection(ProjectConfigurationPlatforms) = postSolution
		{450455CB-3A44-4284-BDBD-17E9D391A4E7}.Debug|Any CPU.ActiveCfg = Debug|Any CPU
		{450455CB-3A44-4284-BDBD-17E9D391A4E7}.Debug|Any CPU.Build.0 = Debug|Any CPU
		{450455CB-3A44-4284-BDBD-17E9D391A4E7}.Debug|x64.ActiveCfg = Debug|Any CPU
		{450455CB-3A44-4284-BDBD-17E9D391A4E7}.Debug|x64.Build.0 = Debug|Any CPU
		{450455CB-3A44-4284-BDBD-17E9D391A4E7}.Debug|x86.ActiveCfg = Debug|Any CPU
		{450455CB-3A44-4284-BDBD-17E9D391A4E7}.Debug|x86.Build.0 = Debug|Any CPU
		{450455CB-3A44-4284-BDBD-17E9D391A4E7}.Release|Any CPU.ActiveCfg = Release|Any CPU
		{450455CB-3A44-4284-BDBD-17E9D391A4E7}.Release|Any CPU.Build.0 = Release|Any CPU
		{450455CB-3A44-4284-BDBD-17E9D391A4E7}.Release|x64.ActiveCfg = Release|Any CPU
		{450455CB-3A44-4284-BDBD-17E9D391A4E7}.Release|x64.Build.0 = Release|Any CPU
		{450455CB-3A44-4284-BDBD-17E9D391A4E7}.Release|x86.ActiveCfg = Release|Any CPU
		{450455CB-3A44-4284-BDBD-17E9D391A4E7}.Release|x86.Build.0 = Release|Any CPU
		{83BD96E1-B311-4249-9A7D-5808239B9DF0}.Debug|Any CPU.ActiveCfg = Debug|Any CPU
		{83BD96E1-B311-4249-9A7D-5808239B9DF0}.Debug|Any CPU.Build.0 = Debug|Any CPU
		{83BD96E1-B311-4249-9A7D-5808239B9DF0}.Debug|x64.ActiveCfg = Debug|Any CPU
		{83BD96E1-B311-4249-9A7D-5808239B9DF0}.Debug|x64.Build.0 = Debug|Any CPU
		{83BD96E1-B311-4249-9A7D-5808239B9DF0}.Debug|x86.ActiveCfg = Debug|Any CPU
		{83BD96E1-B311-4249-9A7D-5808239B9DF0}.Debug|x86.Build.0 = Debug|Any CPU
		{83BD96E1-B311-4249-9A7D-5808239B9DF0}.Release|Any CPU.ActiveCfg = Release|Any CPU
		{83BD96E1-B311-4249-9A7D-5808239B9DF0}.Release|Any CPU.Build.0 = Release|Any CPU
		{83BD96E1-B311-4249-9A7D-5808239B9DF0}.Release|x64.ActiveCfg = Release|Any CPU
		{83BD96E1-B311-4249-9A7D-5808239B9DF0}.Release|x64.Build.0 = Release|Any CPU
		{83BD96E1-B311-4249-9A7D-5808239B9DF0}.Release|x86.ActiveCfg = Release|Any CPU
		{83BD96E1-B311-4249-9A7D-5808239B9DF0}.Release|x86.Build.0 = Release|Any CPU
	EndGlobalSection
EndGlobal
