
Microsoft Visual Studio Solution File, Format Version 12.00
# Visual Studio Version 17
VisualStudioVersion = 17.3.32922.545
MinimumVisualStudioVersion = 10.0.40219.1
Project("{FAE04EC0-301F-11D3-BF4B-00C04F79EFBC}") = "DevBackImprOoViSa", "DevBackImprOoViSa\DevBackImprOoViSa.csproj", "{248E913B-BE44-464A-BB4E-D096B26F162A}"
EndProject
Project("{FAE04EC0-301F-11D3-BF4B-00C04F79EFBC}") = "BakkImprOoViSa", "BakkImprOoViSa\BakkImprOoViSa.csproj", "{274DCE60-FD23-4454-A4AF-F08454FC5E9F}"
EndProject
Project("{2150E333-8FDC-42A3-9474-1A3956D46DE8}") = "DevEnvironment", "DevEnvironment", "{EDE1D6FC-7284-49C7-BFBA-3D134140EF5F}"
EndProject
Global
	GlobalSection(SolutionConfigurationPlatforms) = preSolution
		Debug|Any CPU = Debug|Any CPU
		Release|Any CPU = Release|Any CPU
	EndGlobalSection
	GlobalSection(ProjectConfigurationPlatforms) = postSolution
		{248E913B-BE44-464A-BB4E-D096B26F162A}.Debug|Any CPU.ActiveCfg = Debug|Any CPU
		{248E913B-BE44-464A-BB4E-D096B26F162A}.Debug|Any CPU.Build.0 = Debug|Any CPU
		{248E913B-BE44-464A-BB4E-D096B26F162A}.Release|Any CPU.ActiveCfg = Release|Any CPU
		{248E913B-BE44-464A-BB4E-D096B26F162A}.Release|Any CPU.Build.0 = Release|Any CPU
		{274DCE60-FD23-4454-A4AF-F08454FC5E9F}.Debug|Any CPU.ActiveCfg = Debug|Any CPU
		{274DCE60-FD23-4454-A4AF-F08454FC5E9F}.Debug|Any CPU.Build.0 = Debug|Any CPU
		{274DCE60-FD23-4454-A4AF-F08454FC5E9F}.Release|Any CPU.ActiveCfg = Release|Any CPU
		{274DCE60-FD23-4454-A4AF-F08454FC5E9F}.Release|Any CPU.Build.0 = Release|Any CPU
	EndGlobalSection
	GlobalSection(SolutionProperties) = preSolution
		HideSolutionNode = FALSE
	EndGlobalSection
	GlobalSection(NestedProjects) = preSolution
		{248E913B-BE44-464A-BB4E-D096B26F162A} = {EDE1D6FC-7284-49C7-BFBA-3D134140EF5F}
	EndGlobalSection
	GlobalSection(ExtensibilityGlobals) = postSolution
		SolutionGuid = {65C6E30B-A739-45BB-AA90-99FABCC38743}
	EndGlobalSection
EndGlobal
